
Microsoft Visual Studio Solution File, Format Version 12.00
# Visual Studio Version 17
VisualStudioVersion = 17.3.32922.545
MinimumVisualStudioVersion = 10.0.40219.1
Project("{FAE04EC0-301F-11D3-BF4B-00C04F79EFBC}") = "RedisAsDb.API", "RedisAsDb.API\RedisAsDb.API.csproj", "{1FD99BD3-6473-42C4-AA11-2634AB768028}"
EndProject
Global
	GlobalSection(SolutionConfigurationPlatforms) = preSolution
		Debug|Any CPU = Debug|Any CPU
		Release|Any CPU = Release|Any CPU
	EndGlobalSection
	GlobalSection(ProjectConfigurationPlatforms) = postSolution
		{1FD99BD3-6473-42C4-AA11-2634AB768028}.Debug|Any CPU.ActiveCfg = Debug|Any CPU
		{1FD99BD3-6473-42C4-AA11-2634AB768028}.Debug|Any CPU.Build.0 = Debug|Any CPU
		{1FD99BD3-6473-42C4-AA11-2634AB768028}.Release|Any CPU.ActiveCfg = Release|Any CPU
		{1FD99BD3-6473-42C4-AA11-2634AB768028}.Release|Any CPU.Build.0 = Release|Any CPU
	EndGlobalSection
	GlobalSection(SolutionProperties) = preSolution
		HideSolutionNode = FALSE
	EndGlobalSection
	GlobalSection(ExtensibilityGlobals) = postSolution
		SolutionGuid = {2BB0B0D5-6F0F-49F5-8ABB-CDE6A95A7CD6}
	EndGlobalSection
EndGlobal
